
Microsoft Visual Studio Solution File, Format Version 12.00
# Visual Studio Version 16
VisualStudioVersion = 16.0.31025.194
MinimumVisualStudioVersion = 10.0.40219.1
Project("{9A19103F-16F7-4668-BE54-9A1E7A4F7556}") = "DataAccess", "DataAccess\DataAccess.csproj", "{1B264ECB-360A-41A2-BC09-3FDFE2B74BA4}"
EndProject
Project("{9A19103F-16F7-4668-BE54-9A1E7A4F7556}") = "Business", "Business\Business.csproj", "{0E100164-AF9C-474A-9CD9-0C7684346C0D}"
EndProject
Project("{9A19103F-16F7-4668-BE54-9A1E7A4F7556}") = "Entities", "Entities\Entities.csproj", "{E585AFC6-4D82-408F-8B38-87F1FC1D33E6}"
EndProject
Project("{9A19103F-16F7-4668-BE54-9A1E7A4F7556}") = "Core", "Core\Core.csproj", "{E9C9E2D6-E814-4AD8-94E3-FEC2580D2492}"
EndProject
Project("{FAE04EC0-301F-11D3-BF4B-00C04F79EFBC}") = "WebAPI", "WebAPI\WebAPI.csproj", "{66E5DDAD-CD1A-49C2-BE6B-B517AC43FDCB}"
EndProject
Global
	GlobalSection(SolutionConfigurationPlatforms) = preSolution
		Debug|Any CPU = Debug|Any CPU
		Release|Any CPU = Release|Any CPU
	EndGlobalSection
	GlobalSection(ProjectConfigurationPlatforms) = postSolution
		{1B264ECB-360A-41A2-BC09-3FDFE2B74BA4}.Debug|Any CPU.ActiveCfg = Debug|Any CPU
		{1B264ECB-360A-41A2-BC09-3FDFE2B74BA4}.Debug|Any CPU.Build.0 = Debug|Any CPU
		{1B264ECB-360A-41A2-BC09-3FDFE2B74BA4}.Release|Any CPU.ActiveCfg = Release|Any CPU
		{1B264ECB-360A-41A2-BC09-3FDFE2B74BA4}.Release|Any CPU.Build.0 = Release|Any CPU
		{0E100164-AF9C-474A-9CD9-0C7684346C0D}.Debug|Any CPU.ActiveCfg = Debug|Any CPU
		{0E100164-AF9C-474A-9CD9-0C7684346C0D}.Debug|Any CPU.Build.0 = Debug|Any CPU
		{0E100164-AF9C-474A-9CD9-0C7684346C0D}.Release|Any CPU.ActiveCfg = Release|Any CPU
		{0E100164-AF9C-474A-9CD9-0C7684346C0D}.Release|Any CPU.Build.0 = Release|Any CPU
		{E585AFC6-4D82-408F-8B38-87F1FC1D33E6}.Debug|Any CPU.ActiveCfg = Debug|Any CPU
		{E585AFC6-4D82-408F-8B38-87F1FC1D33E6}.Debug|Any CPU.Build.0 = Debug|Any CPU
		{E585AFC6-4D82-408F-8B38-87F1FC1D33E6}.Release|Any CPU.ActiveCfg = Release|Any CPU
		{E585AFC6-4D82-408F-8B38-87F1FC1D33E6}.Release|Any CPU.Build.0 = Release|Any CPU
		{E9C9E2D6-E814-4AD8-94E3-FEC2580D2492}.Debug|Any CPU.ActiveCfg = Debug|Any CPU
		{E9C9E2D6-E814-4AD8-94E3-FEC2580D2492}.Debug|Any CPU.Build.0 = Debug|Any CPU
		{E9C9E2D6-E814-4AD8-94E3-FEC2580D2492}.Release|Any CPU.ActiveCfg = Release|Any CPU
		{E9C9E2D6-E814-4AD8-94E3-FEC2580D2492}.Release|Any CPU.Build.0 = Release|Any CPU
		{66E5DDAD-CD1A-49C2-BE6B-B517AC43FDCB}.Debug|Any CPU.ActiveCfg = Debug|Any CPU
		{66E5DDAD-CD1A-49C2-BE6B-B517AC43FDCB}.Debug|Any CPU.Build.0 = Debug|Any CPU
		{66E5DDAD-CD1A-49C2-BE6B-B517AC43FDCB}.Release|Any CPU.ActiveCfg = Release|Any CPU
		{66E5DDAD-CD1A-49C2-BE6B-B517AC43FDCB}.Release|Any CPU.Build.0 = Release|Any CPU
	EndGlobalSection
	GlobalSection(SolutionProperties) = preSolution
		HideSolutionNode = FALSE
	EndGlobalSection
	GlobalSection(ExtensibilityGlobals) = postSolution
		SolutionGuid = {011B41A9-B30F-4DE7-929B-4F8FAA68A71A}
	EndGlobalSection
EndGlobal
